id: medusa_plot_array_3d_aruco
label: Array Plot 3D (ArUcO)
category: '[Medusa]'

templates:
  imports: from gnuradio import medusa
  make: |-
    <%
        win = 'self._%s_win'%id
    %>\
    medusa.plot_array_3d_aruco(${origin})
    ${win} = self.${id}
    ${gui_hint() % win}

parameters:
- id: origin
  label: Origin ID
  dtype: int
- id: gui_hint
  label: GUI Hint
  dtype: gui_hint
  hide: part

inputs:
- domain: message
  id: positions
  optional: true

file_format: 1
