id: medusa_array_propagation_sim
label: Simulate Propagation into Array
category: '[Medusa]'

templates:
  imports: from gnuradio import medusa
  make: medusa.array_propagation_sim(${n_elems}, ${signal_angle}, ${frequency})

parameters:
- id: n_elems
  label: Number of Elements
- id: signal_angle
  label: Signal Angle
  default: (0, 0)
- id: frequency
  label: Frequency
  default: 0.0
    
inputs:
- label: in
  domain: stream
  dtype: ${type.t}
- id: steering_vecs
  domain: message
  optional: false

outputs:
- label: out
  domain: stream
  dtype: ${type.t}
  optional: true

file_format: 1
