id: medusa_calc_steering_vec
label: Calculate Steering Vectors
category: '[Medusa]'

templates:
  imports: from gnuradio import medusa
  make: medusa.calc_steering_vec(${thetas}, ${phis}, ${frequency})

parameters:
- id: thetas
  label: Thetas
  default: None
- id: phis
  label: Phis
  default: None
- id: frequency
  label: Frequency
  default: 0.0

inputs:
- id: positions
  domain: message
  optional: false

outputs:
- label: vecs
  domain: message
  optional: true

file_format: 1
