id: medusa_manual_beamsteering
label: Manual Beamsteering
category: '[Medusa]'

templates:
  imports: from gnuradio import medusa
  make: medusa.manual_beamsteering(${elements}, ${freq})
  callbacks:
    - set_angle_degrees(${theta}, ${phi})

parameters:
- id: elements
  label: Element Locations
  dtype: raw
  default: np.array([[0.0, 0.0, 0.0]])
- id: freq
  label: Frequency
  dtype: float
  default: 1.0
- id: theta
  label: Beam angle (theta)
  dtype: float
- id: phi
  label: Beam angle (phi)
  dtype: float

inputs:
- label: positions
  domain: message
  optional: true

outputs:
- label: weights
  domain: message

file_format: 1
